
Microsoft Visual Studio Solution File, Format Version 12.00
# Visual Studio Version 17
VisualStudioVersion = 17.8.34330.188
MinimumVisualStudioVersion = 10.0.40219.1
Project("{FAE04EC0-301F-11D3-BF4B-00C04F79EFBC}") = "GymRats.Presentation", "GymRats.Presentation\GymRats.Presentation.csproj", "{4A6E99EE-EA72-4CC0-A35F-E6D49F464B80}"
EndProject
Project("{FAE04EC0-301F-11D3-BF4B-00C04F79EFBC}") = "GymRats.Business", "GymRats.Business\GymRats.Business.csproj", "{C4641311-135D-4EE3-A9BD-DA18005368C6}"
EndProject
Project("{FAE04EC0-301F-11D3-BF4B-00C04F79EFBC}") = "GymRats.Data", "GymRats.Data\GymRats.Data.csproj", "{0A9E2D85-A5B8-4C15-8479-A047B25716A7}"
EndProject
Project("{FAE04EC0-301F-11D3-BF4B-00C04F79EFBC}") = "GymRats.Tests", "GymRats.Tests\GymRats.Tests.csproj", "{7C5F93DA-F242-4FFE-9045-0FD2962BCE7A}"
EndProject
Global
	GlobalSection(SolutionConfigurationPlatforms) = preSolution
		Debug|Any CPU = Debug|Any CPU
		Release|Any CPU = Release|Any CPU
	EndGlobalSection
	GlobalSection(ProjectConfigurationPlatforms) = postSolution
		{4A6E99EE-EA72-4CC0-A35F-E6D49F464B80}.Debug|Any CPU.ActiveCfg = Debug|Any CPU
		{4A6E99EE-EA72-4CC0-A35F-E6D49F464B80}.Debug|Any CPU.Build.0 = Debug|Any CPU
		{4A6E99EE-EA72-4CC0-A35F-E6D49F464B80}.Release|Any CPU.ActiveCfg = Release|Any CPU
		{4A6E99EE-EA72-4CC0-A35F-E6D49F464B80}.Release|Any CPU.Build.0 = Release|Any CPU
		{C4641311-135D-4EE3-A9BD-DA18005368C6}.Debug|Any CPU.ActiveCfg = Debug|Any CPU
		{C4641311-135D-4EE3-A9BD-DA18005368C6}.Debug|Any CPU.Build.0 = Debug|Any CPU
		{C4641311-135D-4EE3-A9BD-DA18005368C6}.Release|Any CPU.ActiveCfg = Release|Any CPU
		{C4641311-135D-4EE3-A9BD-DA18005368C6}.Release|Any CPU.Build.0 = Release|Any CPU
		{0A9E2D85-A5B8-4C15-8479-A047B25716A7}.Debug|Any CPU.ActiveCfg = Debug|Any CPU
		{0A9E2D85-A5B8-4C15-8479-A047B25716A7}.Debug|Any CPU.Build.0 = Debug|Any CPU
		{0A9E2D85-A5B8-4C15-8479-A047B25716A7}.Release|Any CPU.ActiveCfg = Release|Any CPU
		{0A9E2D85-A5B8-4C15-8479-A047B25716A7}.Release|Any CPU.Build.0 = Release|Any CPU
		{7C5F93DA-F242-4FFE-9045-0FD2962BCE7A}.Debug|Any CPU.ActiveCfg = Debug|Any CPU
		{7C5F93DA-F242-4FFE-9045-0FD2962BCE7A}.Debug|Any CPU.Build.0 = Debug|Any CPU
		{7C5F93DA-F242-4FFE-9045-0FD2962BCE7A}.Release|Any CPU.ActiveCfg = Release|Any CPU
		{7C5F93DA-F242-4FFE-9045-0FD2962BCE7A}.Release|Any CPU.Build.0 = Release|Any CPU
	EndGlobalSection
	GlobalSection(SolutionProperties) = preSolution
		HideSolutionNode = FALSE
	EndGlobalSection
	GlobalSection(ExtensibilityGlobals) = postSolution
		SolutionGuid = {4F83AACC-6595-48C8-905D-7C6B3F13FB64}
	EndGlobalSection
EndGlobal
